
Microsoft Visual Studio Solution File, Format Version 12.00
# Visual Studio Version 17
VisualStudioVersion = 17.11.35303.130
MinimumVisualStudioVersion = 10.0.40219.1
Project("{FAE04EC0-301F-11D3-BF4B-00C04F79EFBC}") = "Windows Explorer", "Windows Explorer.csproj", "{695C13A6-CF48-4ECC-A37D-7F72EBB72475}"
EndProject
Global
	GlobalSection(SolutionConfigurationPlatforms) = preSolution
		Debug|Any CPU = Debug|Any CPU
		Release|Any CPU = Release|Any CPU
	EndGlobalSection
	GlobalSection(ProjectConfigurationPlatforms) = postSolution
		{695C13A6-CF48-4ECC-A37D-7F72EBB72475}.Debug|Any CPU.ActiveCfg = Debug|Any CPU
		{695C13A6-CF48-4ECC-A37D-7F72EBB72475}.Debug|Any CPU.Build.0 = Debug|Any CPU
		{695C13A6-CF48-4ECC-A37D-7F72EBB72475}.Release|Any CPU.ActiveCfg = Release|Any CPU
		{695C13A6-CF48-4ECC-A37D-7F72EBB72475}.Release|Any CPU.Build.0 = Release|Any CPU
	EndGlobalSection
	GlobalSection(SolutionProperties) = preSolution
		HideSolutionNode = FALSE
	EndGlobalSection
	GlobalSection(ExtensibilityGlobals) = postSolution
		SolutionGuid = {C3153F99-5AC3-4AC7-873F-E829A3F1AD80}
	EndGlobalSection
EndGlobal
